
Microsoft Visual Studio Solution File, Format Version 12.00
# Visual Studio 2012
Project("{FAE04EC0-301F-11D3-BF4B-00C04F79EFBC}") = "BusinessLayer", "BusinessLayer\BusinessLayer.csproj", "{0104E121-5200-4177-91CA-EDAA10F0F849}"
EndProject
Project("{FAE04EC0-301F-11D3-BF4B-00C04F79EFBC}") = "DataLayer", "DataLayer\DataLayer.csproj", "{2DFB5E8D-6C1A-429F-A998-09D33399E68F}"
EndProject
Global
	GlobalSection(SolutionConfigurationPlatforms) = preSolution
		Debug|Any CPU = Debug|Any CPU
		Release|Any CPU = Release|Any CPU
	EndGlobalSection
	GlobalSection(ProjectConfigurationPlatforms) = postSolution
		{0104E121-5200-4177-91CA-EDAA10F0F849}.Debug|Any CPU.ActiveCfg = Debug|Any CPU
		{0104E121-5200-4177-91CA-EDAA10F0F849}.Debug|Any CPU.Build.0 = Debug|Any CPU
		{0104E121-5200-4177-91CA-EDAA10F0F849}.Release|Any CPU.ActiveCfg = Release|Any CPU
		{0104E121-5200-4177-91CA-EDAA10F0F849}.Release|Any CPU.Build.0 = Release|Any CPU
		{2DFB5E8D-6C1A-429F-A998-09D33399E68F}.Debug|Any CPU.ActiveCfg = Debug|Any CPU
		{2DFB5E8D-6C1A-429F-A998-09D33399E68F}.Debug|Any CPU.Build.0 = Debug|Any CPU
		{2DFB5E8D-6C1A-429F-A998-09D33399E68F}.Release|Any CPU.ActiveCfg = Release|Any CPU
		{2DFB5E8D-6C1A-429F-A998-09D33399E68F}.Release|Any CPU.Build.0 = Release|Any CPU
	EndGlobalSection
	GlobalSection(SolutionProperties) = preSolution
		HideSolutionNode = FALSE
	EndGlobalSection
EndGlobal
